
Microsoft Visual Studio Solution File, Format Version 12.00
# Visual Studio Version 17
VisualStudioVersion = 17.9.34728.123
MinimumVisualStudioVersion = 10.0.40219.1
Project("{FAE04EC0-301F-11D3-BF4B-00C04F79EFBC}") = "M6_ItemGenerator", "M6_ItemGenerator\M6_ItemGenerator.csproj", "{70909AA7-01D9-46C9-A34B-1B863A0CE632}"
EndProject
Global
	GlobalSection(SolutionConfigurationPlatforms) = preSolution
		Debug|Any CPU = Debug|Any CPU
		Release|Any CPU = Release|Any CPU
	EndGlobalSection
	GlobalSection(ProjectConfigurationPlatforms) = postSolution
		{70909AA7-01D9-46C9-A34B-1B863A0CE632}.Debug|Any CPU.ActiveCfg = Debug|Any CPU
		{70909AA7-01D9-46C9-A34B-1B863A0CE632}.Debug|Any CPU.Build.0 = Debug|Any CPU
		{70909AA7-01D9-46C9-A34B-1B863A0CE632}.Release|Any CPU.ActiveCfg = Release|Any CPU
		{70909AA7-01D9-46C9-A34B-1B863A0CE632}.Release|Any CPU.Build.0 = Release|Any CPU
	EndGlobalSection
	GlobalSection(SolutionProperties) = preSolution
		HideSolutionNode = FALSE
	EndGlobalSection
	GlobalSection(ExtensibilityGlobals) = postSolution
		SolutionGuid = {0C77004A-DD62-4A9A-A3A5-06963D3BE776}
	EndGlobalSection
EndGlobal
