
Microsoft Visual Studio Solution File, Format Version 12.00
# Visual Studio Version 17
VisualStudioVersion = 17.9.34728.123
MinimumVisualStudioVersion = 10.0.40219.1
Project("{FAE04EC0-301F-11D3-BF4B-00C04F79EFBC}") = "M6_Baking", "M6_Baking\M6_Baking.csproj", "{D33F78A4-E270-4BF6-9779-49D4DC4F0D37}"
EndProject
Global
	GlobalSection(SolutionConfigurationPlatforms) = preSolution
		Debug|Any CPU = Debug|Any CPU
		Release|Any CPU = Release|Any CPU
	EndGlobalSection
	GlobalSection(ProjectConfigurationPlatforms) = postSolution
		{D33F78A4-E270-4BF6-9779-49D4DC4F0D37}.Debug|Any CPU.ActiveCfg = Debug|Any CPU
		{D33F78A4-E270-4BF6-9779-49D4DC4F0D37}.Debug|Any CPU.Build.0 = Debug|Any CPU
		{D33F78A4-E270-4BF6-9779-49D4DC4F0D37}.Release|Any CPU.ActiveCfg = Release|Any CPU
		{D33F78A4-E270-4BF6-9779-49D4DC4F0D37}.Release|Any CPU.Build.0 = Release|Any CPU
	EndGlobalSection
	GlobalSection(SolutionProperties) = preSolution
		HideSolutionNode = FALSE
	EndGlobalSection
	GlobalSection(ExtensibilityGlobals) = postSolution
		SolutionGuid = {DB06F268-2635-4F2A-8472-AF6401664F4D}
	EndGlobalSection
EndGlobal
